// !$*UTF8*$!
{
	archiveVersion = 1;
	classes = {
	};
	objectVersion = 46;
	objects = {

/* Begin PBXBuildFile section */
		5FCE23C91F0554D200B39D29 /* AppDelegate.swift in Sources */ = {isa = PBXBuildFile; fileRef = 5FCE23C81F0554D200B39D29 /* AppDelegate.swift */; };
		5FCE23CB1F0554D200B39D29 /* CameraViewController.swift in Sources */ = {isa = PBXBuildFile; fileRef = 5FCE23CA1F0554D200B39D29 /* CameraViewController.swift */; };
		5FCE23CE1F0554D200B39D29 /* Main.storyboard in Resources */ = {isa = PBXBuildFile; fileRef = 5FCE23CC1F0554D200B39D29 /* Main.storyboard */; };
		5FCE23D01F0554D200B39D29 /* Assets.xcassets in Resources */ = {isa = PBXBuildFile; fileRef = 5FCE23CF1F0554D200B39D29 /* Assets.xcassets */; };
		5FCE23D31F0554D200B39D29 /* LaunchScreen.storyboard in Resources */ = {isa = PBXBuildFile; fileRef = 5FCE23D11F0554D200B39D29 /* LaunchScreen.storyboard */; };
		5FCE23DB1F0556CB00B39D29 /* SDevCircleButton.swift in Sources */ = {isa = PBXBuildFile; fileRef = 5FCE23DA1F0556CB00B39D29 /* SDevCircleButton.swift */; };
		5FCE23DD1F05572F00B39D29 /* UIColor+.swift in Sources */ = {isa = PBXBuildFile; fileRef = 5FCE23DC1F05572F00B39D29 /* UIColor+.swift */; };
		5FCE23DF1F056FB100B39D29 /* ExportViewController.swift in Sources */ = {isa = PBXBuildFile; fileRef = 5FCE23DE1F056FB100B39D29 /* ExportViewController.swift */; };
		9F86A55F29B5DC6A124D78E8 /* Pods_Video_Tuner.framework in Frameworks */ = {isa = PBXBuildFile; fileRef = B91FA43278740EEF3185166E /* Pods_Video_Tuner.framework */; };
/* End PBXBuildFile section */

/* Begin PBXFileReference section */
		5FCE23C51F0554D200B39D29 /* Video Tuner.app */ = {isa = PBXFileReference; explicitFileType = wrapper.application; includeInIndex = 0; path = "Video Tuner.app"; sourceTree = BUILT_PRODUCTS_DIR; };
		5FCE23C81F0554D200B39D29 /* AppDelegate.swift */ = {isa = PBXFileReference; lastKnownFileType = sourcecode.swift; path = AppDelegate.swift; sourceTree = "<group>"; };
		5FCE23CA1F0554D200B39D29 /* CameraViewController.swift */ = {isa = PBXFileReference; lastKnownFileType = sourcecode.swift; path = CameraViewController.swift; sourceTree = "<group>"; };
		5FCE23CD1F0554D200B39D29 /* Base */ = {isa = PBXFileReference; lastKnownFileType = file.storyboard; name = Base; path = Base.lproj/Main.storyboard; sourceTree = "<group>"; };
		5FCE23CF1F0554D200B39D29 /* Assets.xcassets */ = {isa = PBXFileReference; lastKnownFileType = folder.assetcatalog; path = Assets.xcassets; sourceTree = "<group>"; };
		5FCE23D21F0554D200B39D29 /* Base */ = {isa = PBXFileReference; lastKnownFileType = file.storyboard; name = Base; path = Base.lproj/LaunchScreen.storyboard; sourceTree = "<group>"; };
		5FCE23D41F0554D200B39D29 /* Info.plist */ = {isa = PBXFileReference; lastKnownFileType = text.plist.xml; path = Info.plist; sourceTree = "<group>"; };
		5FCE23DA1F0556CB00B39D29 /* SDevCircleButton.swift */ = {isa = PBXFileReference; fileEncoding = 4; lastKnownFileType = sourcecode.swift; path = SDevCircleButton.swift; sourceTree = "<group>"; };
		5FCE23DC1F05572F00B39D29 /* UIColor+.swift */ = {isa = PBXFileReference; fileEncoding = 4; lastKnownFileType = sourcecode.swift; path = "UIColor+.swift"; sourceTree = "<group>"; };
		5FCE23DE1F056FB100B39D29 /* ExportViewController.swift */ = {isa = PBXFileReference; fileEncoding = 4; lastKnownFileType = sourcecode.swift; path = ExportViewController.swift; sourceTree = "<group>"; };
		6158E8E6732EAF8C644CF8F4 /* Pods-Video Tuner.release.xcconfig */ = {isa = PBXFileReference; includeInIndex = 1; lastKnownFileType = text.xcconfig; name = "Pods-Video Tuner.release.xcconfig"; path = "Pods/Target Support Files/Pods-Video Tuner/Pods-Video Tuner.release.xcconfig"; sourceTree = "<group>"; };
		7372882EA31366D3BF6DF319 /* Pods-Video Tuner.debug.xcconfig */ = {isa = PBXFileReference; includeInIndex = 1; lastKnownFileType = text.xcconfig; name = "Pods-Video Tuner.debug.xcconfig"; path = "Pods/Target Support Files/Pods-Video Tuner/Pods-Video Tuner.debug.xcconfig"; sourceTree = "<group>"; };
		B91FA43278740EEF3185166E /* Pods_Video_Tuner.framework */ = {isa = PBXFileReference; explicitFileType = wrapper.framework; includeInIndex = 0; path = Pods_Video_Tuner.framework; sourceTree = BUILT_PRODUCTS_DIR; };
/* End PBXFileReference section */

/* Begin PBXFrameworksBuildPhase section */
		5FCE23C21F0554D200B39D29 /* Frameworks */ = {
			isa = PBXFrameworksBuildPhase;
			buildActionMask = 2147483647;
			files = (
				9F86A55F29B5DC6A124D78E8 /* Pods_Video_Tuner.framework in Frameworks */,
			);
			runOnlyForDeploymentPostprocessing = 0;
		};
/* End PBXFrameworksBuildPhase section */

/* Begin PBXGroup section */
		5FCE23BC1F0554D200B39D29 = {
			isa = PBXGroup;
			children = (
				5FCE23C71F0554D200B39D29 /* Video Tuner */,
				5FCE23C61F0554D200B39D29 /* Products */,
				A2F3564CCF46BA1D013DAF5A /* Pods */,
				9579C13E5832B087C0B35AE5 /* Frameworks */,
			);
			sourceTree = "<group>";
		};
		5FCE23C61F0554D200B39D29 /* Products */ = {
			isa = PBXGroup;
			children = (
				5FCE23C51F0554D200B39D29 /* Video Tuner.app */,
			);
			name = Products;
			sourceTree = "<group>";
		};
		5FCE23C71F0554D200B39D29 /* Video Tuner */ = {
			isa = PBXGroup;
			children = (
				5FCE23C81F0554D200B39D29 /* AppDelegate.swift */,
				5FCE23CA1F0554D200B39D29 /* CameraViewController.swift */,
				5FCE23CC1F0554D200B39D29 /* Main.storyboard */,
				5FCE23CF1F0554D200B39D29 /* Assets.xcassets */,
				5FCE23D11F0554D200B39D29 /* LaunchScreen.storyboard */,
				5FCE23D41F0554D200B39D29 /* Info.plist */,
				5FCE23DA1F0556CB00B39D29 /* SDevCircleButton.swift */,
				5FCE23DC1F05572F00B39D29 /* UIColor+.swift */,
				5FCE23DE1F056FB100B39D29 /* ExportViewController.swift */,
			);
			path = "Video Tuner";
			sourceTree = "<group>";
		};
		9579C13E5832B087C0B35AE5 /* Frameworks */ = {
			isa = PBXGroup;
			children = (
				B91FA43278740EEF3185166E /* Pods_Video_Tuner.framework */,
			);
			name = Frameworks;
			sourceTree = "<group>";
		};
		A2F3564CCF46BA1D013DAF5A /* Pods */ = {
			isa = PBXGroup;
			children = (
				7372882EA31366D3BF6DF319 /* Pods-Video Tuner.debug.xcconfig */,
				6158E8E6732EAF8C644CF8F4 /* Pods-Video Tuner.release.xcconfig */,
			);
			name = Pods;
			sourceTree = "<group>";
		};
/* End PBXGroup section */

/* Begin PBXNativeTarget section */
		5FCE23C41F0554D200B39D29 /* Video Tuner */ = {
			isa = PBXNativeTarget;
			buildConfigurationList = 5FCE23D71F0554D200B39D29 /* Build configuration list for PBXNativeTarget "Video Tuner" */;
			buildPhases = (
				7A2AFD40C2F03917003FD2F2 /* [CP] Check Pods Manifest.lock */,
				5FCE23C11F0554D200B39D29 /* Sources */,
				5FCE23C21F0554D200B39D29 /* Frameworks */,
				5FCE23C31F0554D200B39D29 /* Resources */,
				8830608E6698A8AE5E856BD2 /* [CP] Embed Pods Frameworks */,
				FAD886E64D86CA45A72E5B51 /* [CP] Copy Pods Resources */,
			);
			buildRules = (
			);
			dependencies = (
			);
			name = "Video Tuner";
			productName = "Video Tuner";
			productReference = 5FCE23C51F0554D200B39D29 /* Video Tuner.app */;
			productType = "com.apple.product-type.application";
		};
/* End PBXNativeTarget section */

/* Begin PBXProject section */
		5FCE23BD1F0554D200B39D29 /* Project object */ = {
			isa = PBXProject;
			attributes = {
				LastSwiftUpdateCheck = 0830;
				LastUpgradeCheck = 0830;
				ORGANIZATIONNAME = com.paubins.VideoTuner;
				TargetAttributes = {
					5FCE23C41F0554D200B39D29 = {
						CreatedOnToolsVersion = 8.3.3;
						DevelopmentTeam = 3XSPEUHQ6Y;
						ProvisioningStyle = Automatic;
					};
				};
			};
			buildConfigurationList = 5FCE23C01F0554D200B39D29 /* Build configuration list for PBXProject "Video Tuner" */;
			compatibilityVersion = "Xcode 3.2";
			developmentRegion = English;
			hasScannedForEncodings = 0;
			knownRegions = (
				en,
				Base,
			);
			mainGroup = 5FCE23BC1F0554D200B39D29;
			productRefGroup = 5FCE23C61F0554D200B39D29 /* Products */;
			projectDirPath = "";
			projectRoot = "";
			targets = (
				5FCE23C41F0554D200B39D29 /* Video Tuner */,
			);
		};
/* End PBXProject section */

/* Begin PBXResourcesBuildPhase section */
		5FCE23C31F0554D200B39D29 /* Resources */ = {
			isa = PBXResourcesBuildPhase;
			buildActionMask = 2147483647;
			files = (
				5FCE23D31F0554D200B39D29 /* LaunchScreen.storyboard in Resources */,
				5FCE23D01F0554D200B39D29 /* Assets.xcassets in Resources */,
				5FCE23CE1F0554D200B39D29 /* Main.storyboard in Resources */,
			);
			runOnlyForDeploymentPostprocessing = 0;
		};
/* End PBXResourcesBuildPhase section */

/* Begin PBXShellScriptBuildPhase section */
		7A2AFD40C2F03917003FD2F2 /* [CP] Check Pods Manifest.lock */ = {
			isa = PBXShellScriptBuildPhase;
			buildActionMask = 2147483647;
			files = (
			);
			inputPaths = (
			);
			name = "[CP] Check Pods Manifest.lock";
			outputPaths = (
			);
			runOnlyForDeploymentPostprocessing = 0;
			shellPath = /bin/sh;
			shellScript = "diff \"${PODS_ROOT}/../Podfile.lock\" \"${PODS_ROOT}/Manifest.lock\" > /dev/null\nif [ $? != 0 ] ; then\n    # print error to STDERR\n    echo \"error: The sandbox is not in sync with the Podfile.lock. Run 'pod install' or update your CocoaPods installation.\" >&2\n    exit 1\nfi\n";
			showEnvVarsInLog = 0;
		};
		8830608E6698A8AE5E856BD2 /* [CP] Embed Pods Frameworks */ = {
			isa = PBXShellScriptBuildPhase;
			buildActionMask = 2147483647;
			files = (
			);
			inputPaths = (
			);
			name = "[CP] Embed Pods Frameworks";
			outputPaths = (
			);
			runOnlyForDeploymentPostprocessing = 0;
			shellPath = /bin/sh;
			shellScript = "\"${SRCROOT}/Pods/Target Support Files/Pods-Video Tuner/Pods-Video Tuner-frameworks.sh\"\n";
			showEnvVarsInLog = 0;
		};
		FAD886E64D86CA45A72E5B51 /* [CP] Copy Pods Resources */ = {
			isa = PBXShellScriptBuildPhase;
			buildActionMask = 2147483647;
			files = (
			);
			inputPaths = (
			);
			name = "[CP] Copy Pods Resources";
			outputPaths = (
			);
			runOnlyForDeploymentPostprocessing = 0;
			shellPath = /bin/sh;
			shellScript = "\"${SRCROOT}/Pods/Target Support Files/Pods-Video Tuner/Pods-Video Tuner-resources.sh\"\n";
			showEnvVarsInLog = 0;
		};
/* End PBXShellScriptBuildPhase section */

/* Begin PBXSourcesBuildPhase section */
		5FCE23C11F0554D200B39D29 /* Sources */ = {
			isa = PBXSourcesBuildPhase;
			buildActionMask = 2147483647;
			files = (
				5FCE23CB1F0554D200B39D29 /* CameraViewController.swift in Sources */,
				5FCE23DD1F05572F00B39D29 /* UIColor+.swift in Sources */,
				5FCE23DB1F0556CB00B39D29 /* SDevCircleButton.swift in Sources */,
				5FCE23C91F0554D200B39D29 /* AppDelegate.swift in Sources */,
				5FCE23DF1F056FB100B39D29 /* ExportViewController.swift in Sources */,
			);
			runOnlyForDeploymentPostprocessing = 0;
		};
/* End PBXSourcesBuildPhase section */

/* Begin PBXVariantGroup section */
		5FCE23CC1F0554D200B39D29 /* Main.storyboard */ = {
			isa = PBXVariantGroup;
			children = (
				5FCE23CD1F0554D200B39D29 /* Base */,
			);
			name = Main.storyboard;
			sourceTree = "<group>";
		};
		5FCE23D11F0554D200B39D29 /* LaunchScreen.storyboard */ = {
			isa = PBXVariantGroup;
			children = (
				5FCE23D21F0554D200B39D29 /* Base */,
			);
			name = LaunchScreen.storyboard;
			sourceTree = "<group>";
		};
/* End PBXVariantGroup section */

/* Begin XCBuildConfiguration section */
		5FCE23D51F0554D200B39D29 /* Debug */ = {
			isa = XCBuildConfiguration;
			buildSettings = {
				ALWAYS_SEARCH_USER_PATHS = NO;
				CLANG_ANALYZER_NONNULL = YES;
				CLANG_ANALYZER_NUMBER_OBJECT_CONVERSION = YES_AGGRESSIVE;
				CLANG_CXX_LANGUAGE_STANDARD = "gnu++0x";
				CLANG_CXX_LIBRARY = "libc++";
				CLANG_ENABLE_MODULES = YES;
				CLANG_ENABLE_OBJC_ARC = YES;
				CLANG_WARN_BOOL_CONVERSION = YES;
				CLANG_WARN_CONSTANT_CONVERSION = YES;
				CLANG_WARN_DIRECT_OBJC_ISA_USAGE = YES_ERROR;
				CLANG_WARN_DOCUMENTATION_COMMENTS = YES;
				CLANG_WARN_EMPTY_BODY = YES;
				CLANG_WARN_ENUM_CONVERSION = YES;
				CLANG_WARN_INFINITE_RECURSION = YES;
				CLANG_WARN_INT_CONVERSION = YES;
				CLANG_WARN_OBJC_ROOT_CLASS = YES_ERROR;
				CLANG_WARN_SUSPICIOUS_MOVE = YES;
				CLANG_WARN_UNREACHABLE_CODE = YES;
				CLANG_WARN__DUPLICATE_METHOD_MATCH = YES;
				"CODE_SIGN_IDENTITY[sdk=iphoneos*]" = "iPhone Developer";
				COPY_PHASE_STRIP = NO;
				DEBUG_INFORMATION_FORMAT = dwarf;
				ENABLE_STRICT_OBJC_MSGSEND = YES;
				ENABLE_TESTABILITY = YES;
				GCC_C_LANGUAGE_STANDARD = gnu99;
				GCC_DYNAMIC_NO_PIC = NO;
				GCC_NO_COMMON_BLOCKS = YES;
				GCC_OPTIMIZATION_LEVEL = 0;
				GCC_PREPROCESSOR_DEFINITIONS = (
					"DEBUG=1",
					"$(inherited)",
				);
				GCC_WARN_64_TO_32_BIT_CONVERSION = YES;
				GCC_WARN_ABOUT_RETURN_TYPE = YES_ERROR;
				GCC_WARN_UNDECLARED_SELECTOR = YES;
				GCC_WARN_UNINITIALIZED_AUTOS = YES_AGGRESSIVE;
				GCC_WARN_UNUSED_FUNCTION = YES;
				GCC_WARN_UNUSED_VARIABLE = YES;
				IPHONEOS_DEPLOYMENT_TARGET = 10.3;
				MTL_ENABLE_DEBUG_INFO = YES;
				ONLY_ACTIVE_ARCH = YES;
				SDKROOT = iphoneos;
				SWIFT_ACTIVE_COMPILATION_CONDITIONS = DEBUG;
				SWIFT_OPTIMIZATION_LEVEL = "-Onone";
				TARGETED_DEVICE_FAMILY = "1,2";
			};
			name = Debug;
		};
		5FCE23D61F0554D200B39D29 /* Release */ = {
			isa = XCBuildConfiguration;
			buildSettings = {
				ALWAYS_SEARCH_USER_PATHS = NO;
				CLANG_ANALYZER_NONNULL = YES;
				CLANG_ANALYZER_NUMBER_OBJECT_CONVERSION = YES_AGGRESSIVE;
				CLANG_CXX_LANGUAGE_STANDARD = "gnu++0x";
				CLANG_CXX_LIBRARY = "libc++";
				CLANG_ENABLE_MODULES = YES;
				CLANG_ENABLE_OBJC_ARC = YES;
				CLANG_WARN_BOOL_CONVERSION = YES;
				CLANG_WARN_CONSTANT_CONVERSION = YES;
				CLANG_WARN_DIRECT_OBJC_ISA_USAGE = YES_ERROR;
				CLANG_WARN_DOCUMENTATION_COMMENTS = YES;
				CLANG_WARN_EMPTY_BODY = YES;
				CLANG_WARN_ENUM_CONVERSION = YES;
				CLANG_WARN_INFINITE_RECURSION = YES;
				CLANG_WARN_INT_CONVERSION = YES;
				CLANG_WARN_OBJC_ROOT_CLASS = YES_ERROR;
				CLANG_WARN_SUSPICIOUS_MOVE = YES;
				CLANG_WARN_UNREACHABLE_CODE = YES;
				CLANG_WARN__DUPLICATE_METHOD_MATCH = YES;
				"CODE_SIGN_IDENTITY[sdk=iphoneos*]" = "iPhone Developer";
				COPY_PHASE_STRIP = NO;
				DEBUG_INFORMATION_FORMAT = "dwarf-with-dsym";
				ENABLE_NS_ASSERTIONS = NO;
				ENABLE_STRICT_OBJC_MSGSEND = YES;
				GCC_C_LANGUAGE_STANDARD = gnu99;
				GCC_NO_COMMON_BLOCKS = YES;
				GCC_WARN_64_TO_32_BIT_CONVERSION = YES;
				GCC_WARN_ABOUT_RETURN_TYPE = YES_ERROR;
				GCC_WARN_UNDECLARED_SELECTOR = YES;
				GCC_WARN_UNINITIALIZED_AUTOS = YES_AGGRESSIVE;
				GCC_WARN_UNUSED_FUNCTION = YES;
				GCC_WARN_UNUSED_VARIABLE = YES;
				IPHONEOS_DEPLOYMENT_TARGET = 10.3;
				MTL_ENABLE_DEBUG_INFO = NO;
				SDKROOT = iphoneos;
				SWIFT_OPTIMIZATION_LEVEL = "-Owholemodule";
				TARGETED_DEVICE_FAMILY = "1,2";
				VALIDATE_PRODUCT = YES;
			};
			name = Release;
		};
		5FCE23D81F0554D200B39D29 /* Debug */ = {
			isa = XCBuildConfiguration;
			baseConfigurationReference = 7372882EA31366D3BF6DF319 /* Pods-Video Tuner.debug.xcconfig */;
			buildSettings = {
				ASSETCATALOG_COMPILER_APPICON_NAME = AppIcon;
				DEVELOPMENT_TEAM = 3XSPEUHQ6Y;
				INFOPLIST_FILE = "Video Tuner/Info.plist";
				LD_RUNPATH_SEARCH_PATHS = "$(inherited) @executable_path/Frameworks";
				PRODUCT_BUNDLE_IDENTIFIER = "com.paubins.Video-Tuner";
				PRODUCT_NAME = "$(TARGET_NAME)";
				SWIFT_VERSION = 3.0;
				TARGETED_DEVICE_FAMILY = 1;
			};
			name = Debug;
		};
		5FCE23D91F0554D200B39D29 /* Release */ = {
			isa = XCBuildConfiguration;
			baseConfigurationReference = 6158E8E6732EAF8C644CF8F4 /* Pods-Video Tuner.release.xcconfig */;
			buildSettings = {
				ASSETCATALOG_COMPILER_APPICON_NAME = AppIcon;
				DEVELOPMENT_TEAM = 3XSPEUHQ6Y;
				INFOPLIST_FILE = "Video Tuner/Info.plist";
				LD_RUNPATH_SEARCH_PATHS = "$(inherited) @executable_path/Frameworks";
				PRODUCT_BUNDLE_IDENTIFIER = "com.paubins.Video-Tuner";
				PRODUCT_NAME = "$(TARGET_NAME)";
				SWIFT_VERSION = 3.0;
				TARGETED_DEVICE_FAMILY = 1;
			};
			name = Release;
		};
/* End XCBuildConfiguration section */

/* Begin XCConfigurationList section */
		5FCE23C01F0554D200B39D29 /* Build configuration list for PBXProject "Video Tuner" */ = {
			isa = XCConfigurationList;
			buildConfigurations = (
				5FCE23D51F0554D200B39D29 /* Debug */,
				5FCE23D61F0554D200B39D29 /* Release */,
			);
			defaultConfigurationIsVisible = 0;
			defaultConfigurationName = Release;
		};
		5FCE23D71F0554D200B39D29 /* Build configuration list for PBXNativeTarget "Video Tuner" */ = {
			isa = XCConfigurationList;
			buildConfigurations = (
				5FCE23D81F0554D200B39D29 /* Debug */,
				5FCE23D91F0554D200B39D29 /* Release */,
			);
			defaultConfigurationIsVisible = 0;
			defaultConfigurationName = Release;
		};
/* End XCConfigurationList section */
	};
	rootObject = 5FCE23BD1F0554D200B39D29 /* Project object */;
}
